// !$*UTF8*$!
{
	archiveVersion = 1;
	classes = {
	};
	objectVersion = 46;
	objects = {

/* Begin PBXBuildFile section */
		630831551BF6556B00303C55 /* TriangleHelper.swift in Sources */ = {isa = PBXBuildFile; fileRef = 630831541BF6556B00303C55 /* TriangleHelper.swift */; };
		630831571BF67C8E00303C55 /* SnapshotHelper.swift in Sources */ = {isa = PBXBuildFile; fileRef = 630831561BF67C8E00303C55 /* SnapshotHelper.swift */; };
		6308315E1BF681A000303C55 /* MapTriangleLabelContainer.swift in Sources */ = {isa = PBXBuildFile; fileRef = 6308315D1BF681A000303C55 /* MapTriangleLabelContainer.swift */; };
		630831601BF681B100303C55 /* MapTriangleLabelContainer.xib in Resources */ = {isa = PBXBuildFile; fileRef = 6308315F1BF681B100303C55 /* MapTriangleLabelContainer.xib */; };
		630831681BF6BB2B00303C55 /* PathwayFootprintCell.swift in Sources */ = {isa = PBXBuildFile; fileRef = 630831661BF6BB2B00303C55 /* PathwayFootprintCell.swift */; };
		630831691BF6BB2B00303C55 /* PathwayFootprintCell.xib in Resources */ = {isa = PBXBuildFile; fileRef = 630831671BF6BB2B00303C55 /* PathwayFootprintCell.xib */; };
		6308316B1BF6BBFD00303C55 /* FootprintBottomBarView.swift in Sources */ = {isa = PBXBuildFile; fileRef = 6308316A1BF6BBFD00303C55 /* FootprintBottomBarView.swift */; };
		6308316D1BF6BC0F00303C55 /* FootprintBottomBarView.xib in Resources */ = {isa = PBXBuildFile; fileRef = 6308316C1BF6BC0F00303C55 /* FootprintBottomBarView.xib */; };
		633A5FE51BF6F0E700E3706B /* PathwayCreatorsCell.swift in Sources */ = {isa = PBXBuildFile; fileRef = 633A5FE31BF6F0E700E3706B /* PathwayCreatorsCell.swift */; };
		633A5FE61BF6F0E700E3706B /* PathwayCreatorsCell.xib in Resources */ = {isa = PBXBuildFile; fileRef = 633A5FE41BF6F0E700E3706B /* PathwayCreatorsCell.xib */; };
		637A6F191BF53A3800D60EB2 /* AppDelegate.swift in Sources */ = {isa = PBXBuildFile; fileRef = 637A6F181BF53A3800D60EB2 /* AppDelegate.swift */; };
		637A6F1B1BF53A3800D60EB2 /* ViewController.swift in Sources */ = {isa = PBXBuildFile; fileRef = 637A6F1A1BF53A3800D60EB2 /* ViewController.swift */; };
		637A6F1E1BF53A3800D60EB2 /* Main.storyboard in Resources */ = {isa = PBXBuildFile; fileRef = 637A6F1C1BF53A3800D60EB2 /* Main.storyboard */; };
		637A6F201BF53A3800D60EB2 /* Assets.xcassets in Resources */ = {isa = PBXBuildFile; fileRef = 637A6F1F1BF53A3800D60EB2 /* Assets.xcassets */; };
		637A6F231BF53A3800D60EB2 /* LaunchScreen.storyboard in Resources */ = {isa = PBXBuildFile; fileRef = 637A6F211BF53A3800D60EB2 /* LaunchScreen.storyboard */; };
		637A6F2E1BF53A3800D60EB2 /* PathwayPrototypeTests.swift in Sources */ = {isa = PBXBuildFile; fileRef = 637A6F2D1BF53A3800D60EB2 /* PathwayPrototypeTests.swift */; };
		637A6F391BF53A3800D60EB2 /* PathwayPrototypeUITests.swift in Sources */ = {isa = PBXBuildFile; fileRef = 637A6F381BF53A3800D60EB2 /* PathwayPrototypeUITests.swift */; };
		637A6F471BF53BD000D60EB2 /* Constants.swift in Sources */ = {isa = PBXBuildFile; fileRef = 637A6F461BF53BD000D60EB2 /* Constants.swift */; };
		637A6F4A1BF53DA600D60EB2 /* PathwayFeedCell.swift in Sources */ = {isa = PBXBuildFile; fileRef = 637A6F481BF53DA600D60EB2 /* PathwayFeedCell.swift */; };
		637A6F4B1BF53DA600D60EB2 /* PathwayFeedCell.xib in Resources */ = {isa = PBXBuildFile; fileRef = 637A6F491BF53DA600D60EB2 /* PathwayFeedCell.xib */; };
		637A6F4D1BF53ED000D60EB2 /* SF-Display.ttc in Resources */ = {isa = PBXBuildFile; fileRef = 637A6F4C1BF53ED000D60EB2 /* SF-Display.ttc */; };
		637A6F4F1BF53EDA00D60EB2 /* SF-Text.ttc in Resources */ = {isa = PBXBuildFile; fileRef = 637A6F4E1BF53EDA00D60EB2 /* SF-Text.ttc */; };
		637A6F511BF553F800D60EB2 /* PathwayTopBarView.swift in Sources */ = {isa = PBXBuildFile; fileRef = 637A6F501BF553F800D60EB2 /* PathwayTopBarView.swift */; };
		637A6F531BF5540100D60EB2 /* PathwayTopBarView.xib in Resources */ = {isa = PBXBuildFile; fileRef = 637A6F521BF5540100D60EB2 /* PathwayTopBarView.xib */; };
		637A6F561BF5541B00D60EB2 /* PathwayVC.swift in Sources */ = {isa = PBXBuildFile; fileRef = 637A6F551BF5541B00D60EB2 /* PathwayVC.swift */; };
		637A6F581BF5579E00D60EB2 /* Extensions.swift in Sources */ = {isa = PBXBuildFile; fileRef = 637A6F571BF5579E00D60EB2 /* Extensions.swift */; };
		637A6F631BF55B9F00D60EB2 /* PathwayCountTableCell.swift in Sources */ = {isa = PBXBuildFile; fileRef = 637A6F611BF55B9F00D60EB2 /* PathwayCountTableCell.swift */; };
		637A6F641BF55B9F00D60EB2 /* PathwayCountTableCell.xib in Resources */ = {isa = PBXBuildFile; fileRef = 637A6F621BF55B9F00D60EB2 /* PathwayCountTableCell.xib */; };
		637A6F671BF55BBF00D60EB2 /* PathwayMapTableCell.swift in Sources */ = {isa = PBXBuildFile; fileRef = 637A6F651BF55BBF00D60EB2 /* PathwayMapTableCell.swift */; };
		637A6F681BF55BBF00D60EB2 /* PathwayMapTableCell.xib in Resources */ = {isa = PBXBuildFile; fileRef = 637A6F661BF55BBF00D60EB2 /* PathwayMapTableCell.xib */; };
		637A6F6B1BF55BFF00D60EB2 /* PathwayDescriptionTableCell.swift in Sources */ = {isa = PBXBuildFile; fileRef = 637A6F691BF55BFF00D60EB2 /* PathwayDescriptionTableCell.swift */; };
		637A6F6C1BF55BFF00D60EB2 /* PathwayDescriptionTableCell.xib in Resources */ = {isa = PBXBuildFile; fileRef = 637A6F6A1BF55BFF00D60EB2 /* PathwayDescriptionTableCell.xib */; };
		637A6F6E1BF55E9000D60EB2 /* MapKit.framework in Frameworks */ = {isa = PBXBuildFile; fileRef = 637A6F6D1BF55E9000D60EB2 /* MapKit.framework */; };
		637A6F721BF571A100D60EB2 /* CountCell.swift in Sources */ = {isa = PBXBuildFile; fileRef = 637A6F701BF571A100D60EB2 /* CountCell.swift */; };
		637A6F731BF571A100D60EB2 /* CountCell.xib in Resources */ = {isa = PBXBuildFile; fileRef = 637A6F711BF571A100D60EB2 /* CountCell.xib */; };
		637A6F761BF5763E00D60EB2 /* MapTriangleCell.swift in Sources */ = {isa = PBXBuildFile; fileRef = 637A6F741BF5763E00D60EB2 /* MapTriangleCell.swift */; };
		637A6F771BF5763E00D60EB2 /* MapTriangleCell.xib in Resources */ = {isa = PBXBuildFile; fileRef = 637A6F751BF5763E00D60EB2 /* MapTriangleCell.xib */; };
/* End PBXBuildFile section */

/* Begin PBXContainerItemProxy section */
		637A6F2A1BF53A3800D60EB2 /* PBXContainerItemProxy */ = {
			isa = PBXContainerItemProxy;
			containerPortal = 637A6F0D1BF53A3800D60EB2 /* Project object */;
			proxyType = 1;
			remoteGlobalIDString = 637A6F141BF53A3800D60EB2;
			remoteInfo = PathwayPrototype;
		};
		637A6F351BF53A3800D60EB2 /* PBXContainerItemProxy */ = {
			isa = PBXContainerItemProxy;
			containerPortal = 637A6F0D1BF53A3800D60EB2 /* Project object */;
			proxyType = 1;
			remoteGlobalIDString = 637A6F141BF53A3800D60EB2;
			remoteInfo = PathwayPrototype;
		};
/* End PBXContainerItemProxy section */

/* Begin PBXFileReference section */
		630831541BF6556B00303C55 /* TriangleHelper.swift */ = {isa = PBXFileReference; fileEncoding = 4; lastKnownFileType = sourcecode.swift; path = TriangleHelper.swift; sourceTree = "<group>"; };
		630831561BF67C8E00303C55 /* SnapshotHelper.swift */ = {isa = PBXFileReference; fileEncoding = 4; lastKnownFileType = sourcecode.swift; path = SnapshotHelper.swift; sourceTree = "<group>"; };
		6308315D1BF681A000303C55 /* MapTriangleLabelContainer.swift */ = {isa = PBXFileReference; fileEncoding = 4; lastKnownFileType = sourcecode.swift; path = MapTriangleLabelContainer.swift; sourceTree = "<group>"; };
		6308315F1BF681B100303C55 /* MapTriangleLabelContainer.xib */ = {isa = PBXFileReference; fileEncoding = 4; lastKnownFileType = file.xib; name = MapTriangleLabelContainer.xib; path = ../MapTriangleLabelContainer.xib; sourceTree = "<group>"; };
		630831661BF6BB2B00303C55 /* PathwayFootprintCell.swift */ = {isa = PBXFileReference; fileEncoding = 4; lastKnownFileType = sourcecode.swift; path = PathwayFootprintCell.swift; sourceTree = "<group>"; };
		630831671BF6BB2B00303C55 /* PathwayFootprintCell.xib */ = {isa = PBXFileReference; fileEncoding = 4; lastKnownFileType = file.xib; path = PathwayFootprintCell.xib; sourceTree = "<group>"; };
		6308316A1BF6BBFD00303C55 /* FootprintBottomBarView.swift */ = {isa = PBXFileReference; fileEncoding = 4; lastKnownFileType = sourcecode.swift; path = FootprintBottomBarView.swift; sourceTree = "<group>"; };
		6308316C1BF6BC0F00303C55 /* FootprintBottomBarView.xib */ = {isa = PBXFileReference; fileEncoding = 4; lastKnownFileType = file.xib; path = FootprintBottomBarView.xib; sourceTree = "<group>"; };
		633A5FE31BF6F0E700E3706B /* PathwayCreatorsCell.swift */ = {isa = PBXFileReference; fileEncoding = 4; lastKnownFileType = sourcecode.swift; name = PathwayCreatorsCell.swift; path = ../PathwayCreatorsCell.swift; sourceTree = "<group>"; };
		633A5FE41BF6F0E700E3706B /* PathwayCreatorsCell.xib */ = {isa = PBXFileReference; fileEncoding = 4; lastKnownFileType = file.xib; name = PathwayCreatorsCell.xib; path = ../PathwayCreatorsCell.xib; sourceTree = "<group>"; };
		637A6F151BF53A3800D60EB2 /* PathwayPrototype.app */ = {isa = PBXFileReference; explicitFileType = wrapper.application; includeInIndex = 0; path = PathwayPrototype.app; sourceTree = BUILT_PRODUCTS_DIR; };
		637A6F181BF53A3800D60EB2 /* AppDelegate.swift */ = {isa = PBXFileReference; lastKnownFileType = sourcecode.swift; path = AppDelegate.swift; sourceTree = "<group>"; };
		637A6F1A1BF53A3800D60EB2 /* ViewController.swift */ = {isa = PBXFileReference; lastKnownFileType = sourcecode.swift; path = ViewController.swift; sourceTree = "<group>"; };
		637A6F1D1BF53A3800D60EB2 /* Base */ = {isa = PBXFileReference; lastKnownFileType = file.storyboard; name = Base; path = Base.lproj/Main.storyboard; sourceTree = "<group>"; };
		637A6F1F1BF53A3800D60EB2 /* Assets.xcassets */ = {isa = PBXFileReference; lastKnownFileType = folder.assetcatalog; path = Assets.xcassets; sourceTree = "<group>"; };
		637A6F221BF53A3800D60EB2 /* Base */ = {isa = PBXFileReference; lastKnownFileType = file.storyboard; name = Base; path = Base.lproj/LaunchScreen.storyboard; sourceTree = "<group>"; };
		637A6F241BF53A3800D60EB2 /* Info.plist */ = {isa = PBXFileReference; lastKnownFileType = text.plist.xml; path = Info.plist; sourceTree = "<group>"; };
		637A6F291BF53A3800D60EB2 /* PathwayPrototypeTests.xctest */ = {isa = PBXFileReference; explicitFileType = wrapper.cfbundle; includeInIndex = 0; path = PathwayPrototypeTests.xctest; sourceTree = BUILT_PRODUCTS_DIR; };
		637A6F2D1BF53A3800D60EB2 /* PathwayPrototypeTests.swift */ = {isa = PBXFileReference; lastKnownFileType = sourcecode.swift; path = PathwayPrototypeTests.swift; sourceTree = "<group>"; };
		637A6F2F1BF53A3800D60EB2 /* Info.plist */ = {isa = PBXFileReference; lastKnownFileType = text.plist.xml; path = Info.plist; sourceTree = "<group>"; };
		637A6F341BF53A3800D60EB2 /* PathwayPrototypeUITests.xctest */ = {isa = PBXFileReference; explicitFileType = wrapper.cfbundle; includeInIndex = 0; path = PathwayPrototypeUITests.xctest; sourceTree = BUILT_PRODUCTS_DIR; };
		637A6F381BF53A3800D60EB2 /* PathwayPrototypeUITests.swift */ = {isa = PBXFileReference; lastKnownFileType = sourcecode.swift; path = PathwayPrototypeUITests.swift; sourceTree = "<group>"; };
		637A6F3A1BF53A3800D60EB2 /* Info.plist */ = {isa = PBXFileReference; lastKnownFileType = text.plist.xml; path = Info.plist; sourceTree = "<group>"; };
		637A6F461BF53BD000D60EB2 /* Constants.swift */ = {isa = PBXFileReference; fileEncoding = 4; lastKnownFileType = sourcecode.swift; path = Constants.swift; sourceTree = "<group>"; };
		637A6F481BF53DA600D60EB2 /* PathwayFeedCell.swift */ = {isa = PBXFileReference; fileEncoding = 4; lastKnownFileType = sourcecode.swift; path = PathwayFeedCell.swift; sourceTree = "<group>"; };
		637A6F491BF53DA600D60EB2 /* PathwayFeedCell.xib */ = {isa = PBXFileReference; fileEncoding = 4; lastKnownFileType = file.xib; path = PathwayFeedCell.xib; sourceTree = "<group>"; };
		637A6F4C1BF53ED000D60EB2 /* SF-Display.ttc */ = {isa = PBXFileReference; lastKnownFileType = file; path = "SF-Display.ttc"; sourceTree = "<group>"; };
		637A6F4E1BF53EDA00D60EB2 /* SF-Text.ttc */ = {isa = PBXFileReference; lastKnownFileType = file; path = "SF-Text.ttc"; sourceTree = "<group>"; };
		637A6F501BF553F800D60EB2 /* PathwayTopBarView.swift */ = {isa = PBXFileReference; fileEncoding = 4; lastKnownFileType = sourcecode.swift; path = PathwayTopBarView.swift; sourceTree = "<group>"; };
		637A6F521BF5540100D60EB2 /* PathwayTopBarView.xib */ = {isa = PBXFileReference; fileEncoding = 4; lastKnownFileType = file.xib; path = PathwayTopBarView.xib; sourceTree = "<group>"; };
		637A6F551BF5541B00D60EB2 /* PathwayVC.swift */ = {isa = PBXFileReference; fileEncoding = 4; lastKnownFileType = sourcecode.swift; path = PathwayVC.swift; sourceTree = "<group>"; };
		637A6F571BF5579E00D60EB2 /* Extensions.swift */ = {isa = PBXFileReference; fileEncoding = 4; lastKnownFileType = sourcecode.swift; path = Extensions.swift; sourceTree = "<group>"; };
		637A6F611BF55B9F00D60EB2 /* PathwayCountTableCell.swift */ = {isa = PBXFileReference; fileEncoding = 4; lastKnownFileType = sourcecode.swift; path = PathwayCountTableCell.swift; sourceTree = "<group>"; };
		637A6F621BF55B9F00D60EB2 /* PathwayCountTableCell.xib */ = {isa = PBXFileReference; fileEncoding = 4; lastKnownFileType = file.xib; path = PathwayCountTableCell.xib; sourceTree = "<group>"; };
		637A6F651BF55BBF00D60EB2 /* PathwayMapTableCell.swift */ = {isa = PBXFileReference; fileEncoding = 4; lastKnownFileType = sourcecode.swift; path = PathwayMapTableCell.swift; sourceTree = "<group>"; };
		637A6F661BF55BBF00D60EB2 /* PathwayMapTableCell.xib */ = {isa = PBXFileReference; fileEncoding = 4; lastKnownFileType = file.xib; path = PathwayMapTableCell.xib; sourceTree = "<group>"; };
		637A6F691BF55BFF00D60EB2 /* PathwayDescriptionTableCell.swift */ = {isa = PBXFileReference; fileEncoding = 4; lastKnownFileType = sourcecode.swift; path = PathwayDescriptionTableCell.swift; sourceTree = "<group>"; };
		637A6F6A1BF55BFF00D60EB2 /* PathwayDescriptionTableCell.xib */ = {isa = PBXFileReference; fileEncoding = 4; lastKnownFileType = file.xib; path = PathwayDescriptionTableCell.xib; sourceTree = "<group>"; };
		637A6F6D1BF55E9000D60EB2 /* MapKit.framework */ = {isa = PBXFileReference; lastKnownFileType = wrapper.framework; name = MapKit.framework; path = System/Library/Frameworks/MapKit.framework; sourceTree = SDKROOT; };
		637A6F701BF571A100D60EB2 /* CountCell.swift */ = {isa = PBXFileReference; fileEncoding = 4; lastKnownFileType = sourcecode.swift; path = CountCell.swift; sourceTree = "<group>"; };
		637A6F711BF571A100D60EB2 /* CountCell.xib */ = {isa = PBXFileReference; fileEncoding = 4; lastKnownFileType = file.xib; path = CountCell.xib; sourceTree = "<group>"; };
		637A6F741BF5763E00D60EB2 /* MapTriangleCell.swift */ = {isa = PBXFileReference; fileEncoding = 4; lastKnownFileType = sourcecode.swift; path = MapTriangleCell.swift; sourceTree = "<group>"; };
		637A6F751BF5763E00D60EB2 /* MapTriangleCell.xib */ = {isa = PBXFileReference; fileEncoding = 4; lastKnownFileType = file.xib; path = MapTriangleCell.xib; sourceTree = "<group>"; };
/* End PBXFileReference section */

/* Begin PBXFrameworksBuildPhase section */
		637A6F121BF53A3800D60EB2 /* Frameworks */ = {
			isa = PBXFrameworksBuildPhase;
			buildActionMask = 2147483647;
			files = (
				637A6F6E1BF55E9000D60EB2 /* MapKit.framework in Frameworks */,
			);
			runOnlyForDeploymentPostprocessing = 0;
		};
		637A6F261BF53A3800D60EB2 /* Frameworks */ = {
			isa = PBXFrameworksBuildPhase;
			buildActionMask = 2147483647;
			files = (
			);
			runOnlyForDeploymentPostprocessing = 0;
		};
		637A6F311BF53A3800D60EB2 /* Frameworks */ = {
			isa = PBXFrameworksBuildPhase;
			buildActionMask = 2147483647;
			files = (
			);
			runOnlyForDeploymentPostprocessing = 0;
		};
/* End PBXFrameworksBuildPhase section */

/* Begin PBXGroup section */
		630831611BF6BADC00303C55 /* PathwayMap */ = {
			isa = PBXGroup;
			children = (
				630831621BF6BAF100303C55 /* Helpers */,
				630831631BF6BAF700303C55 /* TableCell */,
				630831641BF6BB0000303C55 /* CollectionCell */,
			);
			name = PathwayMap;
			sourceTree = "<group>";
		};
		630831621BF6BAF100303C55 /* Helpers */ = {
			isa = PBXGroup;
			children = (
				630831541BF6556B00303C55 /* TriangleHelper.swift */,
				630831561BF67C8E00303C55 /* SnapshotHelper.swift */,
			);
			name = Helpers;
			sourceTree = "<group>";
		};
		630831631BF6BAF700303C55 /* TableCell */ = {
			isa = PBXGroup;
			children = (
				637A6F651BF55BBF00D60EB2 /* PathwayMapTableCell.swift */,
				637A6F661BF55BBF00D60EB2 /* PathwayMapTableCell.xib */,
			);
			name = TableCell;
			sourceTree = "<group>";
		};
		630831641BF6BB0000303C55 /* CollectionCell */ = {
			isa = PBXGroup;
			children = (
				630831651BF6BB0900303C55 /* LabelView */,
				637A6F741BF5763E00D60EB2 /* MapTriangleCell.swift */,
				637A6F751BF5763E00D60EB2 /* MapTriangleCell.xib */,
			);
			name = CollectionCell;
			sourceTree = "<group>";
		};
		630831651BF6BB0900303C55 /* LabelView */ = {
			isa = PBXGroup;
			children = (
				6308315D1BF681A000303C55 /* MapTriangleLabelContainer.swift */,
				6308315F1BF681B100303C55 /* MapTriangleLabelContainer.xib */,
			);
			name = LabelView;
			sourceTree = "<group>";
		};
		637A6F0C1BF53A3800D60EB2 = {
			isa = PBXGroup;
			children = (
				637A6F6D1BF55E9000D60EB2 /* MapKit.framework */,
				637A6F171BF53A3800D60EB2 /* PathwayPrototype */,
				637A6F2C1BF53A3800D60EB2 /* PathwayPrototypeTests */,
				637A6F371BF53A3800D60EB2 /* PathwayPrototypeUITests */,
				637A6F161BF53A3800D60EB2 /* Products */,
			);
			sourceTree = "<group>";
		};
		637A6F161BF53A3800D60EB2 /* Products */ = {
			isa = PBXGroup;
			children = (
				637A6F151BF53A3800D60EB2 /* PathwayPrototype.app */,
				637A6F291BF53A3800D60EB2 /* PathwayPrototypeTests.xctest */,
				637A6F341BF53A3800D60EB2 /* PathwayPrototypeUITests.xctest */,
			);
			name = Products;
			sourceTree = "<group>";
		};
		637A6F171BF53A3800D60EB2 /* PathwayPrototype */ = {
			isa = PBXGroup;
			children = (
				637A6F211BF53A3800D60EB2 /* LaunchScreen.storyboard */,
				637A6F1C1BF53A3800D60EB2 /* Main.storyboard */,
				637A6F181BF53A3800D60EB2 /* AppDelegate.swift */,
				637A6F5B1BF557C400D60EB2 /* ViewControllers */,
				637A6F5A1BF557BD00D60EB2 /* Supporting Files */,
				637A6F241BF53A3800D60EB2 /* Info.plist */,
			);
			path = PathwayPrototype;
			sourceTree = "<group>";
		};
		637A6F2C1BF53A3800D60EB2 /* PathwayPrototypeTests */ = {
			isa = PBXGroup;
			children = (
				637A6F2D1BF53A3800D60EB2 /* PathwayPrototypeTests.swift */,
				637A6F2F1BF53A3800D60EB2 /* Info.plist */,
			);
			path = PathwayPrototypeTests;
			sourceTree = "<group>";
		};
		637A6F371BF53A3800D60EB2 /* PathwayPrototypeUITests */ = {
			isa = PBXGroup;
			children = (
				637A6F381BF53A3800D60EB2 /* PathwayPrototypeUITests.swift */,
				637A6F3A1BF53A3800D60EB2 /* Info.plist */,
			);
			path = PathwayPrototypeUITests;
			sourceTree = "<group>";
		};
		637A6F541BF5540400D60EB2 /* PathwayVC */ = {
			isa = PBXGroup;
			children = (
				637A6F551BF5541B00D60EB2 /* PathwayVC.swift */,
				637A6F6F1BF55F2600D60EB2 /* Cells */,
				637A6F501BF553F800D60EB2 /* PathwayTopBarView.swift */,
				637A6F521BF5540100D60EB2 /* PathwayTopBarView.xib */,
			);
			name = PathwayVC;
			sourceTree = "<group>";
		};
		637A6F591BF557B400D60EB2 /* Feed */ = {
			isa = PBXGroup;
			children = (
				637A6F1A1BF53A3800D60EB2 /* ViewController.swift */,
				637A6F481BF53DA600D60EB2 /* PathwayFeedCell.swift */,
				637A6F491BF53DA600D60EB2 /* PathwayFeedCell.xib */,
			);
			name = Feed;
			sourceTree = "<group>";
		};
		637A6F5A1BF557BD00D60EB2 /* Supporting Files */ = {
			isa = PBXGroup;
			children = (
				637A6F1F1BF53A3800D60EB2 /* Assets.xcassets */,
				637A6F571BF5579E00D60EB2 /* Extensions.swift */,
				637A6F461BF53BD000D60EB2 /* Constants.swift */,
				637A6F4C1BF53ED000D60EB2 /* SF-Display.ttc */,
				637A6F4E1BF53EDA00D60EB2 /* SF-Text.ttc */,
			);
			name = "Supporting Files";
			sourceTree = "<group>";
		};
		637A6F5B1BF557C400D60EB2 /* ViewControllers */ = {
			isa = PBXGroup;
			children = (
				637A6F591BF557B400D60EB2 /* Feed */,
				637A6F541BF5540400D60EB2 /* PathwayVC */,
			);
			name = ViewControllers;
			sourceTree = "<group>";
		};
		637A6F6F1BF55F2600D60EB2 /* Cells */ = {
			isa = PBXGroup;
			children = (
				637A6F611BF55B9F00D60EB2 /* PathwayCountTableCell.swift */,
				637A6F621BF55B9F00D60EB2 /* PathwayCountTableCell.xib */,
				637A6F701BF571A100D60EB2 /* CountCell.swift */,
				637A6F711BF571A100D60EB2 /* CountCell.xib */,
				630831611BF6BADC00303C55 /* PathwayMap */,
				637A6F691BF55BFF00D60EB2 /* PathwayDescriptionTableCell.swift */,
				637A6F6A1BF55BFF00D60EB2 /* PathwayDescriptionTableCell.xib */,
				630831661BF6BB2B00303C55 /* PathwayFootprintCell.swift */,
				630831671BF6BB2B00303C55 /* PathwayFootprintCell.xib */,
				6308316A1BF6BBFD00303C55 /* FootprintBottomBarView.swift */,
				6308316C1BF6BC0F00303C55 /* FootprintBottomBarView.xib */,
				633A5FE31BF6F0E700E3706B /* PathwayCreatorsCell.swift */,
				633A5FE41BF6F0E700E3706B /* PathwayCreatorsCell.xib */,
			);
			name = Cells;
			sourceTree = "<group>";
		};
/* End PBXGroup section */

/* Begin PBXNativeTarget section */
		637A6F141BF53A3800D60EB2 /* PathwayPrototype */ = {
			isa = PBXNativeTarget;
			buildConfigurationList = 637A6F3D1BF53A3800D60EB2 /* Build configuration list for PBXNativeTarget "PathwayPrototype" */;
			buildPhases = (
				637A6F111BF53A3800D60EB2 /* Sources */,
				637A6F121BF53A3800D60EB2 /* Frameworks */,
				637A6F131BF53A3800D60EB2 /* Resources */,
			);
			buildRules = (
			);
			dependencies = (
			);
			name = PathwayPrototype;
			productName = PathwayPrototype;
			productReference = 637A6F151BF53A3800D60EB2 /* PathwayPrototype.app */;
			productType = "com.apple.product-type.application";
		};
		637A6F281BF53A3800D60EB2 /* PathwayPrototypeTests */ = {
			isa = PBXNativeTarget;
			buildConfigurationList = 637A6F401BF53A3800D60EB2 /* Build configuration list for PBXNativeTarget "PathwayPrototypeTests" */;
			buildPhases = (
				637A6F251BF53A3800D60EB2 /* Sources */,
				637A6F261BF53A3800D60EB2 /* Frameworks */,
				637A6F271BF53A3800D60EB2 /* Resources */,
			);
			buildRules = (
			);
			dependencies = (
				637A6F2B1BF53A3800D60EB2 /* PBXTargetDependency */,
			);
			name = PathwayPrototypeTests;
			productName = PathwayPrototypeTests;
			productReference = 637A6F291BF53A3800D60EB2 /* PathwayPrototypeTests.xctest */;
			productType = "com.apple.product-type.bundle.unit-test";
		};
		637A6F331BF53A3800D60EB2 /* PathwayPrototypeUITests */ = {
			isa = PBXNativeTarget;
			buildConfigurationList = 637A6F431BF53A3800D60EB2 /* Build configuration list for PBXNativeTarget "PathwayPrototypeUITests" */;
			buildPhases = (
				637A6F301BF53A3800D60EB2 /* Sources */,
				637A6F311BF53A3800D60EB2 /* Frameworks */,
				637A6F321BF53A3800D60EB2 /* Resources */,
			);
			buildRules = (
			);
			dependencies = (
				637A6F361BF53A3800D60EB2 /* PBXTargetDependency */,
			);
			name = PathwayPrototypeUITests;
			productName = PathwayPrototypeUITests;
			productReference = 637A6F341BF53A3800D60EB2 /* PathwayPrototypeUITests.xctest */;
			productType = "com.apple.product-type.bundle.ui-testing";
		};
/* End PBXNativeTarget section */

/* Begin PBXProject section */
		637A6F0D1BF53A3800D60EB2 /* Project object */ = {
			isa = PBXProject;
			attributes = {
				LastSwiftUpdateCheck = 0710;
				LastUpgradeCheck = 0710;
				ORGANIZATIONNAME = "David Smith";
				TargetAttributes = {
					637A6F141BF53A3800D60EB2 = {
						CreatedOnToolsVersion = 7.1;
						SystemCapabilities = {
							com.apple.Maps.iOS = {
								enabled = 1;
							};
						};
					};
					637A6F281BF53A3800D60EB2 = {
						CreatedOnToolsVersion = 7.1;
						TestTargetID = 637A6F141BF53A3800D60EB2;
					};
					637A6F331BF53A3800D60EB2 = {
						CreatedOnToolsVersion = 7.1;
						TestTargetID = 637A6F141BF53A3800D60EB2;
					};
				};
			};
			buildConfigurationList = 637A6F101BF53A3800D60EB2 /* Build configuration list for PBXProject "PathwayPrototype" */;
			compatibilityVersion = "Xcode 3.2";
			developmentRegion = English;
			hasScannedForEncodings = 0;
			knownRegions = (
				en,
				Base,
			);
			mainGroup = 637A6F0C1BF53A3800D60EB2;
			productRefGroup = 637A6F161BF53A3800D60EB2 /* Products */;
			projectDirPath = "";
			projectRoot = "";
			targets = (
				637A6F141BF53A3800D60EB2 /* PathwayPrototype */,
				637A6F281BF53A3800D60EB2 /* PathwayPrototypeTests */,
				637A6F331BF53A3800D60EB2 /* PathwayPrototypeUITests */,
			);
		};
/* End PBXProject section */

/* Begin PBXResourcesBuildPhase section */
		637A6F131BF53A3800D60EB2 /* Resources */ = {
			isa = PBXResourcesBuildPhase;
			buildActionMask = 2147483647;
			files = (
				630831691BF6BB2B00303C55 /* PathwayFootprintCell.xib in Resources */,
				630831601BF681B100303C55 /* MapTriangleLabelContainer.xib in Resources */,
				637A6F4D1BF53ED000D60EB2 /* SF-Display.ttc in Resources */,
				637A6F641BF55B9F00D60EB2 /* PathwayCountTableCell.xib in Resources */,
				637A6F4F1BF53EDA00D60EB2 /* SF-Text.ttc in Resources */,
				637A6F731BF571A100D60EB2 /* CountCell.xib in Resources */,
				637A6F771BF5763E00D60EB2 /* MapTriangleCell.xib in Resources */,
				637A6F681BF55BBF00D60EB2 /* PathwayMapTableCell.xib in Resources */,
				637A6F231BF53A3800D60EB2 /* LaunchScreen.storyboard in Resources */,
				633A5FE61BF6F0E700E3706B /* PathwayCreatorsCell.xib in Resources */,
				637A6F6C1BF55BFF00D60EB2 /* PathwayDescriptionTableCell.xib in Resources */,
				637A6F201BF53A3800D60EB2 /* Assets.xcassets in Resources */,
				6308316D1BF6BC0F00303C55 /* FootprintBottomBarView.xib in Resources */,
				637A6F4B1BF53DA600D60EB2 /* PathwayFeedCell.xib in Resources */,
				637A6F1E1BF53A3800D60EB2 /* Main.storyboard in Resources */,
				637A6F531BF5540100D60EB2 /* PathwayTopBarView.xib in Resources */,
			);
			runOnlyForDeploymentPostprocessing = 0;
		};
		637A6F271BF53A3800D60EB2 /* Resources */ = {
			isa = PBXResourcesBuildPhase;
			buildActionMask = 2147483647;
			files = (
			);
			runOnlyForDeploymentPostprocessing = 0;
		};
		637A6F321BF53A3800D60EB2 /* Resources */ = {
			isa = PBXResourcesBuildPhase;
			buildActionMask = 2147483647;
			files = (
			);
			runOnlyForDeploymentPostprocessing = 0;
		};
/* End PBXResourcesBuildPhase section */

/* Begin PBXSourcesBuildPhase section */
		637A6F111BF53A3800D60EB2 /* Sources */ = {
			isa = PBXSourcesBuildPhase;
			buildActionMask = 2147483647;
			files = (
				637A6F1B1BF53A3800D60EB2 /* ViewController.swift in Sources */,
				637A6F561BF5541B00D60EB2 /* PathwayVC.swift in Sources */,
				630831551BF6556B00303C55 /* TriangleHelper.swift in Sources */,
				637A6F471BF53BD000D60EB2 /* Constants.swift in Sources */,
				637A6F721BF571A100D60EB2 /* CountCell.swift in Sources */,
				637A6F761BF5763E00D60EB2 /* MapTriangleCell.swift in Sources */,
				637A6F4A1BF53DA600D60EB2 /* PathwayFeedCell.swift in Sources */,
				637A6F671BF55BBF00D60EB2 /* PathwayMapTableCell.swift in Sources */,
				630831681BF6BB2B00303C55 /* PathwayFootprintCell.swift in Sources */,
				637A6F511BF553F800D60EB2 /* PathwayTopBarView.swift in Sources */,
				630831571BF67C8E00303C55 /* SnapshotHelper.swift in Sources */,
				633A5FE51BF6F0E700E3706B /* PathwayCreatorsCell.swift in Sources */,
				637A6F631BF55B9F00D60EB2 /* PathwayCountTableCell.swift in Sources */,
				637A6F191BF53A3800D60EB2 /* AppDelegate.swift in Sources */,
				6308316B1BF6BBFD00303C55 /* FootprintBottomBarView.swift in Sources */,
				637A6F581BF5579E00D60EB2 /* Extensions.swift in Sources */,
				637A6F6B1BF55BFF00D60EB2 /* PathwayDescriptionTableCell.swift in Sources */,
				6308315E1BF681A000303C55 /* MapTriangleLabelContainer.swift in Sources */,
			);
			runOnlyForDeploymentPostprocessing = 0;
		};
		637A6F251BF53A3800D60EB2 /* Sources */ = {
			isa = PBXSourcesBuildPhase;
			buildActionMask = 2147483647;
			files = (
				637A6F2E1BF53A3800D60EB2 /* PathwayPrototypeTests.swift in Sources */,
			);
			runOnlyForDeploymentPostprocessing = 0;
		};
		637A6F301BF53A3800D60EB2 /* Sources */ = {
			isa = PBXSourcesBuildPhase;
			buildActionMask = 2147483647;
			files = (
				637A6F391BF53A3800D60EB2 /* PathwayPrototypeUITests.swift in Sources */,
			);
			runOnlyForDeploymentPostprocessing = 0;
		};
/* End PBXSourcesBuildPhase section */

/* Begin PBXTargetDependency section */
		637A6F2B1BF53A3800D60EB2 /* PBXTargetDependency */ = {
			isa = PBXTargetDependency;
			target = 637A6F141BF53A3800D60EB2 /* PathwayPrototype */;
			targetProxy = 637A6F2A1BF53A3800D60EB2 /* PBXContainerItemProxy */;
		};
		637A6F361BF53A3800D60EB2 /* PBXTargetDependency */ = {
			isa = PBXTargetDependency;
			target = 637A6F141BF53A3800D60EB2 /* PathwayPrototype */;
			targetProxy = 637A6F351BF53A3800D60EB2 /* PBXContainerItemProxy */;
		};
/* End PBXTargetDependency section */

/* Begin PBXVariantGroup section */
		637A6F1C1BF53A3800D60EB2 /* Main.storyboard */ = {
			isa = PBXVariantGroup;
			children = (
				637A6F1D1BF53A3800D60EB2 /* Base */,
			);
			name = Main.storyboard;
			sourceTree = "<group>";
		};
		637A6F211BF53A3800D60EB2 /* LaunchScreen.storyboard */ = {
			isa = PBXVariantGroup;
			children = (
				637A6F221BF53A3800D60EB2 /* Base */,
			);
			name = LaunchScreen.storyboard;
			sourceTree = "<group>";
		};
/* End PBXVariantGroup section */

/* Begin XCBuildConfiguration section */
		637A6F3B1BF53A3800D60EB2 /* Debug */ = {
			isa = XCBuildConfiguration;
			buildSettings = {
				ALWAYS_SEARCH_USER_PATHS = NO;
				CLANG_CXX_LANGUAGE_STANDARD = "gnu++0x";
				CLANG_CXX_LIBRARY = "libc++";
				CLANG_ENABLE_MODULES = YES;
				CLANG_ENABLE_OBJC_ARC = YES;
				CLANG_WARN_BOOL_CONVERSION = YES;
				CLANG_WARN_CONSTANT_CONVERSION = YES;
				CLANG_WARN_DIRECT_OBJC_ISA_USAGE = YES_ERROR;
				CLANG_WARN_EMPTY_BODY = YES;
				CLANG_WARN_ENUM_CONVERSION = YES;
				CLANG_WARN_INT_CONVERSION = YES;
				CLANG_WARN_OBJC_ROOT_CLASS = YES_ERROR;
				CLANG_WARN_UNREACHABLE_CODE = YES;
				CLANG_WARN__DUPLICATE_METHOD_MATCH = YES;
				"CODE_SIGN_IDENTITY[sdk=iphoneos*]" = "iPhone Developer";
				COPY_PHASE_STRIP = NO;
				DEBUG_INFORMATION_FORMAT = dwarf;
				ENABLE_STRICT_OBJC_MSGSEND = YES;
				ENABLE_TESTABILITY = YES;
				GCC_C_LANGUAGE_STANDARD = gnu99;
				GCC_DYNAMIC_NO_PIC = NO;
				GCC_NO_COMMON_BLOCKS = YES;
				GCC_OPTIMIZATION_LEVEL = 0;
				GCC_PREPROCESSOR_DEFINITIONS = (
					"DEBUG=1",
					"$(inherited)",
				);
				GCC_WARN_64_TO_32_BIT_CONVERSION = YES;
				GCC_WARN_ABOUT_RETURN_TYPE = YES_ERROR;
				GCC_WARN_UNDECLARED_SELECTOR = YES;
				GCC_WARN_UNINITIALIZED_AUTOS = YES_AGGRESSIVE;
				GCC_WARN_UNUSED_FUNCTION = YES;
				GCC_WARN_UNUSED_VARIABLE = YES;
				IPHONEOS_DEPLOYMENT_TARGET = 9.1;
				MTL_ENABLE_DEBUG_INFO = YES;
				ONLY_ACTIVE_ARCH = YES;
				SDKROOT = iphoneos;
				SWIFT_OPTIMIZATION_LEVEL = "-Onone";
				TARGETED_DEVICE_FAMILY = "1,2";
			};
			name = Debug;
		};
		637A6F3C1BF53A3800D60EB2 /* Release */ = {
			isa = XCBuildConfiguration;
			buildSettings = {
				ALWAYS_SEARCH_USER_PATHS = NO;
				CLANG_CXX_LANGUAGE_STANDARD = "gnu++0x";
				CLANG_CXX_LIBRARY = "libc++";
				CLANG_ENABLE_MODULES = YES;
				CLANG_ENABLE_OBJC_ARC = YES;
				CLANG_WARN_BOOL_CONVERSION = YES;
				CLANG_WARN_CONSTANT_CONVERSION = YES;
				CLANG_WARN_DIRECT_OBJC_ISA_USAGE = YES_ERROR;
				CLANG_WARN_EMPTY_BODY = YES;
				CLANG_WARN_ENUM_CONVERSION = YES;
				CLANG_WARN_INT_CONVERSION = YES;
				CLANG_WARN_OBJC_ROOT_CLASS = YES_ERROR;
				CLANG_WARN_UNREACHABLE_CODE = YES;
				CLANG_WARN__DUPLICATE_METHOD_MATCH = YES;
				"CODE_SIGN_IDENTITY[sdk=iphoneos*]" = "iPhone Developer";
				COPY_PHASE_STRIP = NO;
				DEBUG_INFORMATION_FORMAT = "dwarf-with-dsym";
				ENABLE_NS_ASSERTIONS = NO;
				ENABLE_STRICT_OBJC_MSGSEND = YES;
				GCC_C_LANGUAGE_STANDARD = gnu99;
				GCC_NO_COMMON_BLOCKS = YES;
				GCC_WARN_64_TO_32_BIT_CONVERSION = YES;
				GCC_WARN_ABOUT_RETURN_TYPE = YES_ERROR;
				GCC_WARN_UNDECLARED_SELECTOR = YES;
				GCC_WARN_UNINITIALIZED_AUTOS = YES_AGGRESSIVE;
				GCC_WARN_UNUSED_FUNCTION = YES;
				GCC_WARN_UNUSED_VARIABLE = YES;
				IPHONEOS_DEPLOYMENT_TARGET = 9.1;
				MTL_ENABLE_DEBUG_INFO = NO;
				SDKROOT = iphoneos;
				TARGETED_DEVICE_FAMILY = "1,2";
				VALIDATE_PRODUCT = YES;
			};
			name = Release;
		};
		637A6F3E1BF53A3800D60EB2 /* Debug */ = {
			isa = XCBuildConfiguration;
			buildSettings = {
				ASSETCATALOG_COMPILER_APPICON_NAME = AppIcon;
				INFOPLIST_FILE = PathwayPrototype/Info.plist;
				LD_RUNPATH_SEARCH_PATHS = "$(inherited) @executable_path/Frameworks";
				PRODUCT_BUNDLE_IDENTIFIER = "David-Smith.PathwayPrototype";
				PRODUCT_NAME = "$(TARGET_NAME)";
			};
			name = Debug;
		};
		637A6F3F1BF53A3800D60EB2 /* Release */ = {
			isa = XCBuildConfiguration;
			buildSettings = {
				ASSETCATALOG_COMPILER_APPICON_NAME = AppIcon;
				INFOPLIST_FILE = PathwayPrototype/Info.plist;
				LD_RUNPATH_SEARCH_PATHS = "$(inherited) @executable_path/Frameworks";
				PRODUCT_BUNDLE_IDENTIFIER = "David-Smith.PathwayPrototype";
				PRODUCT_NAME = "$(TARGET_NAME)";
			};
			name = Release;
		};
		637A6F411BF53A3800D60EB2 /* Debug */ = {
			isa = XCBuildConfiguration;
			buildSettings = {
				BUNDLE_LOADER = "$(TEST_HOST)";
				INFOPLIST_FILE = PathwayPrototypeTests/Info.plist;
				LD_RUNPATH_SEARCH_PATHS = "$(inherited) @executable_path/Frameworks @loader_path/Frameworks";
				PRODUCT_BUNDLE_IDENTIFIER = "David-Smith.PathwayPrototypeTests";
				PRODUCT_NAME = "$(TARGET_NAME)";
				TEST_HOST = "$(BUILT_PRODUCTS_DIR)/PathwayPrototype.app/PathwayPrototype";
			};
			name = Debug;
		};
		637A6F421BF53A3800D60EB2 /* Release */ = {
			isa = XCBuildConfiguration;
			buildSettings = {
				BUNDLE_LOADER = "$(TEST_HOST)";
				INFOPLIST_FILE = PathwayPrototypeTests/Info.plist;
				LD_RUNPATH_SEARCH_PATHS = "$(inherited) @executable_path/Frameworks @loader_path/Frameworks";
				PRODUCT_BUNDLE_IDENTIFIER = "David-Smith.PathwayPrototypeTests";
				PRODUCT_NAME = "$(TARGET_NAME)";
				TEST_HOST = "$(BUILT_PRODUCTS_DIR)/PathwayPrototype.app/PathwayPrototype";
			};
			name = Release;
		};
		637A6F441BF53A3800D60EB2 /* Debug */ = {
			isa = XCBuildConfiguration;
			buildSettings = {
				INFOPLIST_FILE = PathwayPrototypeUITests/Info.plist;
				LD_RUNPATH_SEARCH_PATHS = "$(inherited) @executable_path/Frameworks @loader_path/Frameworks";
				PRODUCT_BUNDLE_IDENTIFIER = "David-Smith.PathwayPrototypeUITests";
				PRODUCT_NAME = "$(TARGET_NAME)";
				TEST_TARGET_NAME = PathwayPrototype;
				USES_XCTRUNNER = YES;
			};
			name = Debug;
		};
		637A6F451BF53A3800D60EB2 /* Release */ = {
			isa = XCBuildConfiguration;
			buildSettings = {
				INFOPLIST_FILE = PathwayPrototypeUITests/Info.plist;
				LD_RUNPATH_SEARCH_PATHS = "$(inherited) @executable_path/Frameworks @loader_path/Frameworks";
				PRODUCT_BUNDLE_IDENTIFIER = "David-Smith.PathwayPrototypeUITests";
				PRODUCT_NAME = "$(TARGET_NAME)";
				TEST_TARGET_NAME = PathwayPrototype;
				USES_XCTRUNNER = YES;
			};
			name = Release;
		};
/* End XCBuildConfiguration section */

/* Begin XCConfigurationList section */
		637A6F101BF53A3800D60EB2 /* Build configuration list for PBXProject "PathwayPrototype" */ = {
			isa = XCConfigurationList;
			buildConfigurations = (
				637A6F3B1BF53A3800D60EB2 /* Debug */,
				637A6F3C1BF53A3800D60EB2 /* Release */,
			);
			defaultConfigurationIsVisible = 0;
			defaultConfigurationName = Release;
		};
		637A6F3D1BF53A3800D60EB2 /* Build configuration list for PBXNativeTarget "PathwayPrototype" */ = {
			isa = XCConfigurationList;
			buildConfigurations = (
				637A6F3E1BF53A3800D60EB2 /* Debug */,
				637A6F3F1BF53A3800D60EB2 /* Release */,
			);
			defaultConfigurationIsVisible = 0;
			defaultConfigurationName = Release;
		};
		637A6F401BF53A3800D60EB2 /* Build configuration list for PBXNativeTarget "PathwayPrototypeTests" */ = {
			isa = XCConfigurationList;
			buildConfigurations = (
				637A6F411BF53A3800D60EB2 /* Debug */,
				637A6F421BF53A3800D60EB2 /* Release */,
			);
			defaultConfigurationIsVisible = 0;
			defaultConfigurationName = Release;
		};
		637A6F431BF53A3800D60EB2 /* Build configuration list for PBXNativeTarget "PathwayPrototypeUITests" */ = {
			isa = XCConfigurationList;
			buildConfigurations = (
				637A6F441BF53A3800D60EB2 /* Debug */,
				637A6F451BF53A3800D60EB2 /* Release */,
			);
			defaultConfigurationIsVisible = 0;
			defaultConfigurationName = Release;
		};
/* End XCConfigurationList section */
	};
	rootObject = 637A6F0D1BF53A3800D60EB2 /* Project object */;
}
